
Microsoft Visual Studio Solution File, Format Version 12.00
# Visual Studio Version 17
VisualStudioVersion = 17.7.34221.43
MinimumVisualStudioVersion = 10.0.40219.1
Project("{FAE04EC0-301F-11D3-BF4B-00C04F79EFBC}") = "pong", "pong\pong.csproj", "{B4B32DE4-AF0A-4E2D-92CB-19421D211D02}"
EndProject
Global
	GlobalSection(SolutionConfigurationPlatforms) = preSolution
		Debug|Any CPU = Debug|Any CPU
		Release|Any CPU = Release|Any CPU
	EndGlobalSection
	GlobalSection(ProjectConfigurationPlatforms) = postSolution
		{B4B32DE4-AF0A-4E2D-92CB-19421D211D02}.Debug|Any CPU.ActiveCfg = Debug|Any CPU
		{B4B32DE4-AF0A-4E2D-92CB-19421D211D02}.Debug|Any CPU.Build.0 = Debug|Any CPU
		{B4B32DE4-AF0A-4E2D-92CB-19421D211D02}.Release|Any CPU.ActiveCfg = Release|Any CPU
		{B4B32DE4-AF0A-4E2D-92CB-19421D211D02}.Release|Any CPU.Build.0 = Release|Any CPU
	EndGlobalSection
	GlobalSection(SolutionProperties) = preSolution
		HideSolutionNode = FALSE
	EndGlobalSection
	GlobalSection(ExtensibilityGlobals) = postSolution
		SolutionGuid = {94761241-43DD-4545-BBDC-0F160070A6ED}
	EndGlobalSection
EndGlobal
